
Microsoft Visual Studio Solution File, Format Version 12.00
# Visual Studio Version 16
VisualStudioVersion = 16.0.28917.181
MinimumVisualStudioVersion = 10.0.40219.1
Project("{FAE04EC0-301F-11D3-BF4B-00C04F79EFBC}") = "Battle Royal", "Battle Royal\Battle Royal.csproj", "{98C88B7C-F8E9-4C4B-BAE1-8D8F2CD0A905}"
EndProject
Global
	GlobalSection(SolutionConfigurationPlatforms) = preSolution
		Debug|Any CPU = Debug|Any CPU
		Release|Any CPU = Release|Any CPU
	EndGlobalSection
	GlobalSection(ProjectConfigurationPlatforms) = postSolution
		{98C88B7C-F8E9-4C4B-BAE1-8D8F2CD0A905}.Debug|Any CPU.ActiveCfg = Debug|Any CPU
		{98C88B7C-F8E9-4C4B-BAE1-8D8F2CD0A905}.Debug|Any CPU.Build.0 = Debug|Any CPU
		{98C88B7C-F8E9-4C4B-BAE1-8D8F2CD0A905}.Release|Any CPU.ActiveCfg = Release|Any CPU
		{98C88B7C-F8E9-4C4B-BAE1-8D8F2CD0A905}.Release|Any CPU.Build.0 = Release|Any CPU
	EndGlobalSection
	GlobalSection(SolutionProperties) = preSolution
		HideSolutionNode = FALSE
	EndGlobalSection
	GlobalSection(ExtensibilityGlobals) = postSolution
		SolutionGuid = {A269EB52-D4D6-4385-8EE2-7AB6FCBBEB04}
	EndGlobalSection
EndGlobal
